// !$*UTF8*$!
{
	archiveVersion = 1;
	classes = {
	};
	objectVersion = 46;
	objects = {

/* Begin PBXBuildFile section */
		42167656198E3220008CCBC3 /* AppDelegate.swift in Sources */ = {isa = PBXBuildFile; fileRef = 42167655198E3220008CCBC3 /* AppDelegate.swift */; };
		4216765B198E3220008CCBC3 /* Main.storyboard in Resources */ = {isa = PBXBuildFile; fileRef = 42167659198E3220008CCBC3 /* Main.storyboard */; };
		4216765D198E3220008CCBC3 /* Images.xcassets in Resources */ = {isa = PBXBuildFile; fileRef = 4216765C198E3220008CCBC3 /* Images.xcassets */; };
		42167669198E3220008CCBC3 /* FacebookTests.swift in Sources */ = {isa = PBXBuildFile; fileRef = 42167668198E3220008CCBC3 /* FacebookTests.swift */; };
		42167673198EAABC008CCBC3 /* SettingsViewController.swift in Sources */ = {isa = PBXBuildFile; fileRef = 42167672198EAABC008CCBC3 /* SettingsViewController.swift */; };
		42167676198ECA7C008CCBC3 /* NotificationsViewController.swift in Sources */ = {isa = PBXBuildFile; fileRef = 42167675198ECA7C008CCBC3 /* NotificationsViewController.swift */; };
		42167678198ECE0E008CCBC3 /* RequestsViewController.swift in Sources */ = {isa = PBXBuildFile; fileRef = 42167677198ECE0E008CCBC3 /* RequestsViewController.swift */; };
		4216767A198ECE88008CCBC3 /* NewsFeedViewController.swift in Sources */ = {isa = PBXBuildFile; fileRef = 42167679198ECE88008CCBC3 /* NewsFeedViewController.swift */; };
		429277A0198F068E00E19641 /* StoryViewController.swift in Sources */ = {isa = PBXBuildFile; fileRef = 4292779F198F068E00E19641 /* StoryViewController.swift */; };
		429277A2198F35B600E19641 /* MessagesViewController.swift in Sources */ = {isa = PBXBuildFile; fileRef = 429277A1198F35B600E19641 /* MessagesViewController.swift */; };
		429277A4198F391500E19641 /* CreateStatusViewController.swift in Sources */ = {isa = PBXBuildFile; fileRef = 429277A3198F391500E19641 /* CreateStatusViewController.swift */; };
		429277A6198F392800E19641 /* CreatePhotoViewController.swift in Sources */ = {isa = PBXBuildFile; fileRef = 429277A5198F392800E19641 /* CreatePhotoViewController.swift */; };
		429277A8198F393500E19641 /* CreateCheckinViewController.swift in Sources */ = {isa = PBXBuildFile; fileRef = 429277A7198F393500E19641 /* CreateCheckinViewController.swift */; };
		D5FBDB4619D11555006488EC /* LoginViewController.swift in Sources */ = {isa = PBXBuildFile; fileRef = D5FBDB4519D11555006488EC /* LoginViewController.swift */; };
/* End PBXBuildFile section */

/* Begin PBXContainerItemProxy section */
		42167663198E3220008CCBC3 /* PBXContainerItemProxy */ = {
			isa = PBXContainerItemProxy;
			containerPortal = 42167648198E3220008CCBC3 /* Project object */;
			proxyType = 1;
			remoteGlobalIDString = 4216764F198E3220008CCBC3;
			remoteInfo = Facebook;
		};
/* End PBXContainerItemProxy section */

/* Begin PBXFileReference section */
		42167650198E3220008CCBC3 /* Facebook.app */ = {isa = PBXFileReference; explicitFileType = wrapper.application; includeInIndex = 0; path = Facebook.app; sourceTree = BUILT_PRODUCTS_DIR; };
		42167654198E3220008CCBC3 /* Info.plist */ = {isa = PBXFileReference; lastKnownFileType = text.plist.xml; path = Info.plist; sourceTree = "<group>"; };
		42167655198E3220008CCBC3 /* AppDelegate.swift */ = {isa = PBXFileReference; lastKnownFileType = sourcecode.swift; path = AppDelegate.swift; sourceTree = "<group>"; };
		4216765A198E3220008CCBC3 /* Base */ = {isa = PBXFileReference; lastKnownFileType = file.storyboard; name = Base; path = Base.lproj/Main.storyboard; sourceTree = "<group>"; };
		4216765C198E3220008CCBC3 /* Images.xcassets */ = {isa = PBXFileReference; lastKnownFileType = folder.assetcatalog; path = Images.xcassets; sourceTree = "<group>"; };
		42167662198E3220008CCBC3 /* FacebookTests.xctest */ = {isa = PBXFileReference; explicitFileType = wrapper.cfbundle; includeInIndex = 0; path = FacebookTests.xctest; sourceTree = BUILT_PRODUCTS_DIR; };
		42167667198E3220008CCBC3 /* Info.plist */ = {isa = PBXFileReference; lastKnownFileType = text.plist.xml; path = Info.plist; sourceTree = "<group>"; };
		42167668198E3220008CCBC3 /* FacebookTests.swift */ = {isa = PBXFileReference; lastKnownFileType = sourcecode.swift; path = FacebookTests.swift; sourceTree = "<group>"; };
		42167672198EAABC008CCBC3 /* SettingsViewController.swift */ = {isa = PBXFileReference; fileEncoding = 4; lastKnownFileType = sourcecode.swift; path = SettingsViewController.swift; sourceTree = "<group>"; };
		42167675198ECA7C008CCBC3 /* NotificationsViewController.swift */ = {isa = PBXFileReference; fileEncoding = 4; lastKnownFileType = sourcecode.swift; path = NotificationsViewController.swift; sourceTree = "<group>"; };
		42167677198ECE0E008CCBC3 /* RequestsViewController.swift */ = {isa = PBXFileReference; fileEncoding = 4; lastKnownFileType = sourcecode.swift; path = RequestsViewController.swift; sourceTree = "<group>"; };
		42167679198ECE88008CCBC3 /* NewsFeedViewController.swift */ = {isa = PBXFileReference; fileEncoding = 4; lastKnownFileType = sourcecode.swift; path = NewsFeedViewController.swift; sourceTree = "<group>"; };
		4292779F198F068E00E19641 /* StoryViewController.swift */ = {isa = PBXFileReference; fileEncoding = 4; lastKnownFileType = sourcecode.swift; path = StoryViewController.swift; sourceTree = "<group>"; };
		429277A1198F35B600E19641 /* MessagesViewController.swift */ = {isa = PBXFileReference; fileEncoding = 4; lastKnownFileType = sourcecode.swift; path = MessagesViewController.swift; sourceTree = "<group>"; };
		429277A3198F391500E19641 /* CreateStatusViewController.swift */ = {isa = PBXFileReference; fileEncoding = 4; lastKnownFileType = sourcecode.swift; path = CreateStatusViewController.swift; sourceTree = "<group>"; };
		429277A5198F392800E19641 /* CreatePhotoViewController.swift */ = {isa = PBXFileReference; fileEncoding = 4; lastKnownFileType = sourcecode.swift; path = CreatePhotoViewController.swift; sourceTree = "<group>"; };
		429277A7198F393500E19641 /* CreateCheckinViewController.swift */ = {isa = PBXFileReference; fileEncoding = 4; lastKnownFileType = sourcecode.swift; path = CreateCheckinViewController.swift; sourceTree = "<group>"; };
		D5FBDB4519D11555006488EC /* LoginViewController.swift */ = {isa = PBXFileReference; fileEncoding = 4; lastKnownFileType = sourcecode.swift; path = LoginViewController.swift; sourceTree = "<group>"; };
/* End PBXFileReference section */

/* Begin PBXFrameworksBuildPhase section */
		4216764D198E3220008CCBC3 /* Frameworks */ = {
			isa = PBXFrameworksBuildPhase;
			buildActionMask = 2147483647;
			files = (
			);
			runOnlyForDeploymentPostprocessing = 0;
		};
		4216765F198E3220008CCBC3 /* Frameworks */ = {
			isa = PBXFrameworksBuildPhase;
			buildActionMask = 2147483647;
			files = (
			);
			runOnlyForDeploymentPostprocessing = 0;
		};
/* End PBXFrameworksBuildPhase section */

/* Begin PBXGroup section */
		42167647198E3220008CCBC3 = {
			isa = PBXGroup;
			children = (
				42167652198E3220008CCBC3 /* Facebook */,
				42167665198E3220008CCBC3 /* FacebookTests */,
				42167651198E3220008CCBC3 /* Products */,
			);
			sourceTree = "<group>";
		};
		42167651198E3220008CCBC3 /* Products */ = {
			isa = PBXGroup;
			children = (
				42167650198E3220008CCBC3 /* Facebook.app */,
				42167662198E3220008CCBC3 /* FacebookTests.xctest */,
			);
			name = Products;
			sourceTree = "<group>";
		};
		42167652198E3220008CCBC3 /* Facebook */ = {
			isa = PBXGroup;
			children = (
				42167674198EAAC6008CCBC3 /* View Controllers */,
				42167655198E3220008CCBC3 /* AppDelegate.swift */,
				42167659198E3220008CCBC3 /* Main.storyboard */,
				D5FBDB4519D11555006488EC /* LoginViewController.swift */,
				4216765C198E3220008CCBC3 /* Images.xcassets */,
				42167653198E3220008CCBC3 /* Supporting Files */,
			);
			path = Facebook;
			sourceTree = "<group>";
		};
		42167653198E3220008CCBC3 /* Supporting Files */ = {
			isa = PBXGroup;
			children = (
				42167654198E3220008CCBC3 /* Info.plist */,
			);
			name = "Supporting Files";
			sourceTree = "<group>";
		};
		42167665198E3220008CCBC3 /* FacebookTests */ = {
			isa = PBXGroup;
			children = (
				42167668198E3220008CCBC3 /* FacebookTests.swift */,
				42167666198E3220008CCBC3 /* Supporting Files */,
			);
			path = FacebookTests;
			sourceTree = "<group>";
		};
		42167666198E3220008CCBC3 /* Supporting Files */ = {
			isa = PBXGroup;
			children = (
				42167667198E3220008CCBC3 /* Info.plist */,
			);
			name = "Supporting Files";
			sourceTree = "<group>";
		};
		42167674198EAAC6008CCBC3 /* View Controllers */ = {
			isa = PBXGroup;
			children = (
				42167679198ECE88008CCBC3 /* NewsFeedViewController.swift */,
				42167677198ECE0E008CCBC3 /* RequestsViewController.swift */,
				429277A1198F35B600E19641 /* MessagesViewController.swift */,
				42167675198ECA7C008CCBC3 /* NotificationsViewController.swift */,
				42167672198EAABC008CCBC3 /* SettingsViewController.swift */,
				4292779F198F068E00E19641 /* StoryViewController.swift */,
				429277A3198F391500E19641 /* CreateStatusViewController.swift */,
				429277A5198F392800E19641 /* CreatePhotoViewController.swift */,
				429277A7198F393500E19641 /* CreateCheckinViewController.swift */,
			);
			name = "View Controllers";
			sourceTree = "<group>";
		};
/* End PBXGroup section */

/* Begin PBXNativeTarget section */
		4216764F198E3220008CCBC3 /* Facebook */ = {
			isa = PBXNativeTarget;
			buildConfigurationList = 4216766C198E3220008CCBC3 /* Build configuration list for PBXNativeTarget "Facebook" */;
			buildPhases = (
				4216764C198E3220008CCBC3 /* Sources */,
				4216764D198E3220008CCBC3 /* Frameworks */,
				4216764E198E3220008CCBC3 /* Resources */,
			);
			buildRules = (
			);
			dependencies = (
			);
			name = Facebook;
			productName = Facebook;
			productReference = 42167650198E3220008CCBC3 /* Facebook.app */;
			productType = "com.apple.product-type.application";
		};
		42167661198E3220008CCBC3 /* FacebookTests */ = {
			isa = PBXNativeTarget;
			buildConfigurationList = 4216766F198E3220008CCBC3 /* Build configuration list for PBXNativeTarget "FacebookTests" */;
			buildPhases = (
				4216765E198E3220008CCBC3 /* Sources */,
				4216765F198E3220008CCBC3 /* Frameworks */,
				42167660198E3220008CCBC3 /* Resources */,
			);
			buildRules = (
			);
			dependencies = (
				42167664198E3220008CCBC3 /* PBXTargetDependency */,
			);
			name = FacebookTests;
			productName = FacebookTests;
			productReference = 42167662198E3220008CCBC3 /* FacebookTests.xctest */;
			productType = "com.apple.product-type.bundle.unit-test";
		};
/* End PBXNativeTarget section */

/* Begin PBXProject section */
		42167648198E3220008CCBC3 /* Project object */ = {
			isa = PBXProject;
			attributes = {
				LastUpgradeCheck = 0600;
				ORGANIZATIONNAME = codepath;
				TargetAttributes = {
					4216764F198E3220008CCBC3 = {
						CreatedOnToolsVersion = 6.0;
					};
					42167661198E3220008CCBC3 = {
						CreatedOnToolsVersion = 6.0;
						TestTargetID = 4216764F198E3220008CCBC3;
					};
				};
			};
			buildConfigurationList = 4216764B198E3220008CCBC3 /* Build configuration list for PBXProject "Facebook" */;
			compatibilityVersion = "Xcode 3.2";
			developmentRegion = English;
			hasScannedForEncodings = 0;
			knownRegions = (
				en,
				Base,
			);
			mainGroup = 42167647198E3220008CCBC3;
			productRefGroup = 42167651198E3220008CCBC3 /* Products */;
			projectDirPath = "";
			projectRoot = "";
			targets = (
				4216764F198E3220008CCBC3 /* Facebook */,
				42167661198E3220008CCBC3 /* FacebookTests */,
			);
		};
/* End PBXProject section */

/* Begin PBXResourcesBuildPhase section */
		4216764E198E3220008CCBC3 /* Resources */ = {
			isa = PBXResourcesBuildPhase;
			buildActionMask = 2147483647;
			files = (
				4216765B198E3220008CCBC3 /* Main.storyboard in Resources */,
				4216765D198E3220008CCBC3 /* Images.xcassets in Resources */,
			);
			runOnlyForDeploymentPostprocessing = 0;
		};
		42167660198E3220008CCBC3 /* Resources */ = {
			isa = PBXResourcesBuildPhase;
			buildActionMask = 2147483647;
			files = (
			);
			runOnlyForDeploymentPostprocessing = 0;
		};
/* End PBXResourcesBuildPhase section */

/* Begin PBXSourcesBuildPhase section */
		4216764C198E3220008CCBC3 /* Sources */ = {
			isa = PBXSourcesBuildPhase;
			buildActionMask = 2147483647;
			files = (
				429277A0198F068E00E19641 /* StoryViewController.swift in Sources */,
				429277A2198F35B600E19641 /* MessagesViewController.swift in Sources */,
				42167676198ECA7C008CCBC3 /* NotificationsViewController.swift in Sources */,
				42167656198E3220008CCBC3 /* AppDelegate.swift in Sources */,
				429277A6198F392800E19641 /* CreatePhotoViewController.swift in Sources */,
				429277A4198F391500E19641 /* CreateStatusViewController.swift in Sources */,
				429277A8198F393500E19641 /* CreateCheckinViewController.swift in Sources */,
				42167678198ECE0E008CCBC3 /* RequestsViewController.swift in Sources */,
				42167673198EAABC008CCBC3 /* SettingsViewController.swift in Sources */,
				4216767A198ECE88008CCBC3 /* NewsFeedViewController.swift in Sources */,
				D5FBDB4619D11555006488EC /* LoginViewController.swift in Sources */,
			);
			runOnlyForDeploymentPostprocessing = 0;
		};
		4216765E198E3220008CCBC3 /* Sources */ = {
			isa = PBXSourcesBuildPhase;
			buildActionMask = 2147483647;
			files = (
				42167669198E3220008CCBC3 /* FacebookTests.swift in Sources */,
			);
			runOnlyForDeploymentPostprocessing = 0;
		};
/* End PBXSourcesBuildPhase section */

/* Begin PBXTargetDependency section */
		42167664198E3220008CCBC3 /* PBXTargetDependency */ = {
			isa = PBXTargetDependency;
			target = 4216764F198E3220008CCBC3 /* Facebook */;
			targetProxy = 42167663198E3220008CCBC3 /* PBXContainerItemProxy */;
		};
/* End PBXTargetDependency section */

/* Begin PBXVariantGroup section */
		42167659198E3220008CCBC3 /* Main.storyboard */ = {
			isa = PBXVariantGroup;
			children = (
				4216765A198E3220008CCBC3 /* Base */,
			);
			name = Main.storyboard;
			sourceTree = "<group>";
		};
/* End PBXVariantGroup section */

/* Begin XCBuildConfiguration section */
		4216766A198E3220008CCBC3 /* Debug */ = {
			isa = XCBuildConfiguration;
			buildSettings = {
				ALWAYS_SEARCH_USER_PATHS = NO;
				CLANG_CXX_LANGUAGE_STANDARD = "gnu++0x";
				CLANG_CXX_LIBRARY = "libc++";
				CLANG_ENABLE_MODULES = YES;
				CLANG_ENABLE_OBJC_ARC = YES;
				CLANG_WARN_BOOL_CONVERSION = YES;
				CLANG_WARN_CONSTANT_CONVERSION = YES;
				CLANG_WARN_DIRECT_OBJC_ISA_USAGE = YES_ERROR;
				CLANG_WARN_EMPTY_BODY = YES;
				CLANG_WARN_ENUM_CONVERSION = YES;
				CLANG_WARN_INT_CONVERSION = YES;
				CLANG_WARN_OBJC_ROOT_CLASS = YES_ERROR;
				CLANG_WARN_UNREACHABLE_CODE = YES;
				CLANG_WARN__DUPLICATE_METHOD_MATCH = YES;
				"CODE_SIGN_IDENTITY[sdk=iphoneos*]" = "iPhone Developer";
				COPY_PHASE_STRIP = NO;
				ENABLE_STRICT_OBJC_MSGSEND = YES;
				GCC_C_LANGUAGE_STANDARD = gnu99;
				GCC_DYNAMIC_NO_PIC = NO;
				GCC_OPTIMIZATION_LEVEL = 0;
				GCC_PREPROCESSOR_DEFINITIONS = (
					"DEBUG=1",
					"$(inherited)",
				);
				GCC_SYMBOLS_PRIVATE_EXTERN = NO;
				GCC_WARN_64_TO_32_BIT_CONVERSION = YES;
				GCC_WARN_ABOUT_RETURN_TYPE = YES_ERROR;
				GCC_WARN_UNDECLARED_SELECTOR = YES;
				GCC_WARN_UNINITIALIZED_AUTOS = YES_AGGRESSIVE;
				GCC_WARN_UNUSED_FUNCTION = YES;
				GCC_WARN_UNUSED_VARIABLE = YES;
				IPHONEOS_DEPLOYMENT_TARGET = 8.0;
				MTL_ENABLE_DEBUG_INFO = YES;
				ONLY_ACTIVE_ARCH = YES;
				SDKROOT = iphoneos;
				SWIFT_OPTIMIZATION_LEVEL = "-Onone";
			};
			name = Debug;
		};
		4216766B198E3220008CCBC3 /* Release */ = {
			isa = XCBuildConfiguration;
			buildSettings = {
				ALWAYS_SEARCH_USER_PATHS = NO;
				CLANG_CXX_LANGUAGE_STANDARD = "gnu++0x";
				CLANG_CXX_LIBRARY = "libc++";
				CLANG_ENABLE_MODULES = YES;
				CLANG_ENABLE_OBJC_ARC = YES;
				CLANG_WARN_BOOL_CONVERSION = YES;
				CLANG_WARN_CONSTANT_CONVERSION = YES;
				CLANG_WARN_DIRECT_OBJC_ISA_USAGE = YES_ERROR;
				CLANG_WARN_EMPTY_BODY = YES;
				CLANG_WARN_ENUM_CONVERSION = YES;
				CLANG_WARN_INT_CONVERSION = YES;
				CLANG_WARN_OBJC_ROOT_CLASS = YES_ERROR;
				CLANG_WARN_UNREACHABLE_CODE = YES;
				CLANG_WARN__DUPLICATE_METHOD_MATCH = YES;
				"CODE_SIGN_IDENTITY[sdk=iphoneos*]" = "iPhone Developer";
				COPY_PHASE_STRIP = YES;
				ENABLE_NS_ASSERTIONS = NO;
				ENABLE_STRICT_OBJC_MSGSEND = YES;
				GCC_C_LANGUAGE_STANDARD = gnu99;
				GCC_WARN_64_TO_32_BIT_CONVERSION = YES;
				GCC_WARN_ABOUT_RETURN_TYPE = YES_ERROR;
				GCC_WARN_UNDECLARED_SELECTOR = YES;
				GCC_WARN_UNINITIALIZED_AUTOS = YES_AGGRESSIVE;
				GCC_WARN_UNUSED_FUNCTION = YES;
				GCC_WARN_UNUSED_VARIABLE = YES;
				IPHONEOS_DEPLOYMENT_TARGET = 8.0;
				MTL_ENABLE_DEBUG_INFO = NO;
				SDKROOT = iphoneos;
				VALIDATE_PRODUCT = YES;
			};
			name = Release;
		};
		4216766D198E3220008CCBC3 /* Debug */ = {
			isa = XCBuildConfiguration;
			buildSettings = {
				ASSETCATALOG_COMPILER_APPICON_NAME = AppIcon;
				ASSETCATALOG_COMPILER_LAUNCHIMAGE_NAME = LaunchImage;
				INFOPLIST_FILE = Facebook/Info.plist;
				IPHONEOS_DEPLOYMENT_TARGET = 7.0;
				LD_RUNPATH_SEARCH_PATHS = "$(inherited) @executable_path/Frameworks";
				PRODUCT_NAME = "$(TARGET_NAME)";
			};
			name = Debug;
		};
		4216766E198E3220008CCBC3 /* Release */ = {
			isa = XCBuildConfiguration;
			buildSettings = {
				ASSETCATALOG_COMPILER_APPICON_NAME = AppIcon;
				ASSETCATALOG_COMPILER_LAUNCHIMAGE_NAME = LaunchImage;
				INFOPLIST_FILE = Facebook/Info.plist;
				IPHONEOS_DEPLOYMENT_TARGET = 7.0;
				LD_RUNPATH_SEARCH_PATHS = "$(inherited) @executable_path/Frameworks";
				PRODUCT_NAME = "$(TARGET_NAME)";
			};
			name = Release;
		};
		42167670198E3220008CCBC3 /* Debug */ = {
			isa = XCBuildConfiguration;
			buildSettings = {
				BUNDLE_LOADER = "$(BUILT_PRODUCTS_DIR)/Facebook.app/Facebook";
				FRAMEWORK_SEARCH_PATHS = (
					"$(SDKROOT)/Developer/Library/Frameworks",
					"$(inherited)",
				);
				GCC_PREPROCESSOR_DEFINITIONS = (
					"DEBUG=1",
					"$(inherited)",
				);
				INFOPLIST_FILE = FacebookTests/Info.plist;
				LD_RUNPATH_SEARCH_PATHS = "$(inherited) @executable_path/Frameworks @loader_path/Frameworks";
				PRODUCT_NAME = "$(TARGET_NAME)";
				TEST_HOST = "$(BUNDLE_LOADER)";
			};
			name = Debug;
		};
		42167671198E3220008CCBC3 /* Release */ = {
			isa = XCBuildConfiguration;
			buildSettings = {
				BUNDLE_LOADER = "$(BUILT_PRODUCTS_DIR)/Facebook.app/Facebook";
				FRAMEWORK_SEARCH_PATHS = (
					"$(SDKROOT)/Developer/Library/Frameworks",
					"$(inherited)",
				);
				INFOPLIST_FILE = FacebookTests/Info.plist;
				LD_RUNPATH_SEARCH_PATHS = "$(inherited) @executable_path/Frameworks @loader_path/Frameworks";
				PRODUCT_NAME = "$(TARGET_NAME)";
				TEST_HOST = "$(BUNDLE_LOADER)";
			};
			name = Release;
		};
/* End XCBuildConfiguration section */

/* Begin XCConfigurationList section */
		4216764B198E3220008CCBC3 /* Build configuration list for PBXProject "Facebook" */ = {
			isa = XCConfigurationList;
			buildConfigurations = (
				4216766A198E3220008CCBC3 /* Debug */,
				4216766B198E3220008CCBC3 /* Release */,
			);
			defaultConfigurationIsVisible = 0;
			defaultConfigurationName = Release;
		};
		4216766C198E3220008CCBC3 /* Build configuration list for PBXNativeTarget "Facebook" */ = {
			isa = XCConfigurationList;
			buildConfigurations = (
				4216766D198E3220008CCBC3 /* Debug */,
				4216766E198E3220008CCBC3 /* Release */,
			);
			defaultConfigurationIsVisible = 0;
			defaultConfigurationName = Release;
		};
		4216766F198E3220008CCBC3 /* Build configuration list for PBXNativeTarget "FacebookTests" */ = {
			isa = XCConfigurationList;
			buildConfigurations = (
				42167670198E3220008CCBC3 /* Debug */,
				42167671198E3220008CCBC3 /* Release */,
			);
			defaultConfigurationIsVisible = 0;
			defaultConfigurationName = Release;
		};
/* End XCConfigurationList section */
	};
	rootObject = 42167648198E3220008CCBC3 /* Project object */;
}
